github.com/grafov/m3u8 v0.12.1 h1:DuP1uA1kvRRmGNAZ0m+ObLv1dvrfNO0TPx0c/enNk0s=
github.com/grafov/m3u8 v0.12.1/go.mod h1:nqzOkfBiZJENr52zTVd/Dcl03yzphIMbJqkXGu+u080=
github.com/spf13/pflag v1.0.10 h1:4EBh2KAYBwaONj6b2Ye1GiHfwjqyROoF4RwYO+vPwFk=
github.com/spf13/pflag v1.0.10/go.mod h1:McXfInJRrz4CZXVZOBLb0bTZqETkiAhM9Iw0y3An2Bg=
